// !$*UTF8*$!
{
	archiveVersion = 1;
	classes = {
	};
	objectVersion = 50;
	objects = {

/* Begin PBXBuildFile section */
		1FE550AE21838BBE002A10B7 /* AppDelegate.swift in Sources */ = {isa = PBXBuildFile; fileRef = 1FE550AD21838BBE002A10B7 /* AppDelegate.swift */; };
		1FE550B021838BBE002A10B7 /* ViewController.swift in Sources */ = {isa = PBXBuildFile; fileRef = 1FE550AF21838BBE002A10B7 /* ViewController.swift */; };
		1FE550B321838BBE002A10B7 /* Main.storyboard in Resources */ = {isa = PBXBuildFile; fileRef = 1FE550B121838BBE002A10B7 /* Main.storyboard */; };
		1FE550B621838BBE002A10B7 /* AltitudeLongtitude.xcdatamodeld in Sources */ = {isa = PBXBuildFile; fileRef = 1FE550B421838BBE002A10B7 /* AltitudeLongtitude.xcdatamodeld */; };
		1FE550B821838BC4002A10B7 /* Assets.xcassets in Resources */ = {isa = PBXBuildFile; fileRef = 1FE550B721838BC4002A10B7 /* Assets.xcassets */; };
		1FE550BB21838BC4002A10B7 /* LaunchScreen.storyboard in Resources */ = {isa = PBXBuildFile; fileRef = 1FE550B921838BC4002A10B7 /* LaunchScreen.storyboard */; };
		1FE550C621838BC5002A10B7 /* AltitudeLongtitudeTests.swift in Sources */ = {isa = PBXBuildFile; fileRef = 1FE550C521838BC5002A10B7 /* AltitudeLongtitudeTests.swift */; };
		1FE550D121838BC5002A10B7 /* AltitudeLongtitudeUITests.swift in Sources */ = {isa = PBXBuildFile; fileRef = 1FE550D021838BC5002A10B7 /* AltitudeLongtitudeUITests.swift */; };
		1FE550DF218390B9002A10B7 /* Double.swift in Sources */ = {isa = PBXBuildFile; fileRef = 1FE550DE218390B9002A10B7 /* Double.swift */; };
		1FE550E1218392B6002A10B7 /* GradientView.swift in Sources */ = {isa = PBXBuildFile; fileRef = 1FE550E0218392B6002A10B7 /* GradientView.swift */; };
		1FE550E32183A839002A10B7 /* altitude-background.jpeg in Resources */ = {isa = PBXBuildFile; fileRef = 1FE550E22183A839002A10B7 /* altitude-background.jpeg */; };
/* End PBXBuildFile section */

/* Begin PBXContainerItemProxy section */
		1FE550C221838BC5002A10B7 /* PBXContainerItemProxy */ = {
			isa = PBXContainerItemProxy;
			containerPortal = 1FE550A221838BBE002A10B7 /* Project object */;
			proxyType = 1;
			remoteGlobalIDString = 1FE550A921838BBE002A10B7;
			remoteInfo = AltitudeLongtitude;
		};
		1FE550CD21838BC5002A10B7 /* PBXContainerItemProxy */ = {
			isa = PBXContainerItemProxy;
			containerPortal = 1FE550A221838BBE002A10B7 /* Project object */;
			proxyType = 1;
			remoteGlobalIDString = 1FE550A921838BBE002A10B7;
			remoteInfo = AltitudeLongtitude;
		};
/* End PBXContainerItemProxy section */

/* Begin PBXFileReference section */
		1FE550AA21838BBE002A10B7 /* AltitudeLongtitude.app */ = {isa = PBXFileReference; explicitFileType = wrapper.application; includeInIndex = 0; path = AltitudeLongtitude.app; sourceTree = BUILT_PRODUCTS_DIR; };
		1FE550AD21838BBE002A10B7 /* AppDelegate.swift */ = {isa = PBXFileReference; lastKnownFileType = sourcecode.swift; path = AppDelegate.swift; sourceTree = "<group>"; };
		1FE550AF21838BBE002A10B7 /* ViewController.swift */ = {isa = PBXFileReference; lastKnownFileType = sourcecode.swift; path = ViewController.swift; sourceTree = "<group>"; };
		1FE550B221838BBE002A10B7 /* Base */ = {isa = PBXFileReference; lastKnownFileType = file.storyboard; name = Base; path = Base.lproj/Main.storyboard; sourceTree = "<group>"; };
		1FE550B521838BBE002A10B7 /* AltitudeLongtitude.xcdatamodel */ = {isa = PBXFileReference; lastKnownFileType = wrapper.xcdatamodel; path = AltitudeLongtitude.xcdatamodel; sourceTree = "<group>"; };
		1FE550B721838BC4002A10B7 /* Assets.xcassets */ = {isa = PBXFileReference; lastKnownFileType = folder.assetcatalog; path = Assets.xcassets; sourceTree = "<group>"; };
		1FE550BA21838BC4002A10B7 /* Base */ = {isa = PBXFileReference; lastKnownFileType = file.storyboard; name = Base; path = Base.lproj/LaunchScreen.storyboard; sourceTree = "<group>"; };
		1FE550BC21838BC4002A10B7 /* Info.plist */ = {isa = PBXFileReference; lastKnownFileType = text.plist.xml; path = Info.plist; sourceTree = "<group>"; };
		1FE550C121838BC5002A10B7 /* AltitudeLongtitudeTests.xctest */ = {isa = PBXFileReference; explicitFileType = wrapper.cfbundle; includeInIndex = 0; path = AltitudeLongtitudeTests.xctest; sourceTree = BUILT_PRODUCTS_DIR; };
		1FE550C521838BC5002A10B7 /* AltitudeLongtitudeTests.swift */ = {isa = PBXFileReference; lastKnownFileType = sourcecode.swift; path = AltitudeLongtitudeTests.swift; sourceTree = "<group>"; };
		1FE550C721838BC5002A10B7 /* Info.plist */ = {isa = PBXFileReference; lastKnownFileType = text.plist.xml; path = Info.plist; sourceTree = "<group>"; };
		1FE550CC21838BC5002A10B7 /* AltitudeLongtitudeUITests.xctest */ = {isa = PBXFileReference; explicitFileType = wrapper.cfbundle; includeInIndex = 0; path = AltitudeLongtitudeUITests.xctest; sourceTree = BUILT_PRODUCTS_DIR; };
		1FE550D021838BC5002A10B7 /* AltitudeLongtitudeUITests.swift */ = {isa = PBXFileReference; lastKnownFileType = sourcecode.swift; path = AltitudeLongtitudeUITests.swift; sourceTree = "<group>"; };
		1FE550D221838BC5002A10B7 /* Info.plist */ = {isa = PBXFileReference; lastKnownFileType = text.plist.xml; path = Info.plist; sourceTree = "<group>"; };
		1FE550DE218390B9002A10B7 /* Double.swift */ = {isa = PBXFileReference; lastKnownFileType = sourcecode.swift; path = Double.swift; sourceTree = "<group>"; };
		1FE550E0218392B6002A10B7 /* GradientView.swift */ = {isa = PBXFileReference; lastKnownFileType = sourcecode.swift; path = GradientView.swift; sourceTree = "<group>"; };
		1FE550E22183A839002A10B7 /* altitude-background.jpeg */ = {isa = PBXFileReference; lastKnownFileType = image.jpeg; path = "altitude-background.jpeg"; sourceTree = "<group>"; };
/* End PBXFileReference section */

/* Begin PBXFrameworksBuildPhase section */
		1FE550A721838BBE002A10B7 /* Frameworks */ = {
			isa = PBXFrameworksBuildPhase;
			buildActionMask = 2147483647;
			files = (
			);
			runOnlyForDeploymentPostprocessing = 0;
		};
		1FE550BE21838BC5002A10B7 /* Frameworks */ = {
			isa = PBXFrameworksBuildPhase;
			buildActionMask = 2147483647;
			files = (
			);
			runOnlyForDeploymentPostprocessing = 0;
		};
		1FE550C921838BC5002A10B7 /* Frameworks */ = {
			isa = PBXFrameworksBuildPhase;
			buildActionMask = 2147483647;
			files = (
			);
			runOnlyForDeploymentPostprocessing = 0;
		};
/* End PBXFrameworksBuildPhase section */

/* Begin PBXGroup section */
		1FE550A121838BBE002A10B7 = {
			isa = PBXGroup;
			children = (
				1FE550AC21838BBE002A10B7 /* AltitudeLongtitude */,
				1FE550C421838BC5002A10B7 /* AltitudeLongtitudeTests */,
				1FE550CF21838BC5002A10B7 /* AltitudeLongtitudeUITests */,
				1FE550AB21838BBE002A10B7 /* Products */,
			);
			sourceTree = "<group>";
		};
		1FE550AB21838BBE002A10B7 /* Products */ = {
			isa = PBXGroup;
			children = (
				1FE550AA21838BBE002A10B7 /* AltitudeLongtitude.app */,
				1FE550C121838BC5002A10B7 /* AltitudeLongtitudeTests.xctest */,
				1FE550CC21838BC5002A10B7 /* AltitudeLongtitudeUITests.xctest */,
			);
			name = Products;
			sourceTree = "<group>";
		};
		1FE550AC21838BBE002A10B7 /* AltitudeLongtitude */ = {
			isa = PBXGroup;
			children = (
				1FE550AD21838BBE002A10B7 /* AppDelegate.swift */,
				1FE550AF21838BBE002A10B7 /* ViewController.swift */,
				1FE550B121838BBE002A10B7 /* Main.storyboard */,
				1FE550B721838BC4002A10B7 /* Assets.xcassets */,
				1FE550B921838BC4002A10B7 /* LaunchScreen.storyboard */,
				1FE550BC21838BC4002A10B7 /* Info.plist */,
				1FE550B421838BBE002A10B7 /* AltitudeLongtitude.xcdatamodeld */,
				1FE550DE218390B9002A10B7 /* Double.swift */,
				1FE550E0218392B6002A10B7 /* GradientView.swift */,
				1FE550E22183A839002A10B7 /* altitude-background.jpeg */,
			);
			path = AltitudeLongtitude;
			sourceTree = "<group>";
		};
		1FE550C421838BC5002A10B7 /* AltitudeLongtitudeTests */ = {
			isa = PBXGroup;
			children = (
				1FE550C521838BC5002A10B7 /* AltitudeLongtitudeTests.swift */,
				1FE550C721838BC5002A10B7 /* Info.plist */,
			);
			path = AltitudeLongtitudeTests;
			sourceTree = "<group>";
		};
		1FE550CF21838BC5002A10B7 /* AltitudeLongtitudeUITests */ = {
			isa = PBXGroup;
			children = (
				1FE550D021838BC5002A10B7 /* AltitudeLongtitudeUITests.swift */,
				1FE550D221838BC5002A10B7 /* Info.plist */,
			);
			path = AltitudeLongtitudeUITests;
			sourceTree = "<group>";
		};
/* End PBXGroup section */

/* Begin PBXNativeTarget section */
		1FE550A921838BBE002A10B7 /* AltitudeLongtitude */ = {
			isa = PBXNativeTarget;
			buildConfigurationList = 1FE550D521838BC5002A10B7 /* Build configuration list for PBXNativeTarget "AltitudeLongtitude" */;
			buildPhases = (
				1FE550A621838BBE002A10B7 /* Sources */,
				1FE550A721838BBE002A10B7 /* Frameworks */,
				1FE550A821838BBE002A10B7 /* Resources */,
			);
			buildRules = (
			);
			dependencies = (
			);
			name = AltitudeLongtitude;
			productName = AltitudeLongtitude;
			productReference = 1FE550AA21838BBE002A10B7 /* AltitudeLongtitude.app */;
			productType = "com.apple.product-type.application";
		};
		1FE550C021838BC5002A10B7 /* AltitudeLongtitudeTests */ = {
			isa = PBXNativeTarget;
			buildConfigurationList = 1FE550D821838BC5002A10B7 /* Build configuration list for PBXNativeTarget "AltitudeLongtitudeTests" */;
			buildPhases = (
				1FE550BD21838BC5002A10B7 /* Sources */,
				1FE550BE21838BC5002A10B7 /* Frameworks */,
				1FE550BF21838BC5002A10B7 /* Resources */,
			);
			buildRules = (
			);
			dependencies = (
				1FE550C321838BC5002A10B7 /* PBXTargetDependency */,
			);
			name = AltitudeLongtitudeTests;
			productName = AltitudeLongtitudeTests;
			productReference = 1FE550C121838BC5002A10B7 /* AltitudeLongtitudeTests.xctest */;
			productType = "com.apple.product-type.bundle.unit-test";
		};
		1FE550CB21838BC5002A10B7 /* AltitudeLongtitudeUITests */ = {
			isa = PBXNativeTarget;
			buildConfigurationList = 1FE550DB21838BC5002A10B7 /* Build configuration list for PBXNativeTarget "AltitudeLongtitudeUITests" */;
			buildPhases = (
				1FE550C821838BC5002A10B7 /* Sources */,
				1FE550C921838BC5002A10B7 /* Frameworks */,
				1FE550CA21838BC5002A10B7 /* Resources */,
			);
			buildRules = (
			);
			dependencies = (
				1FE550CE21838BC5002A10B7 /* PBXTargetDependency */,
			);
			name = AltitudeLongtitudeUITests;
			productName = AltitudeLongtitudeUITests;
			productReference = 1FE550CC21838BC5002A10B7 /* AltitudeLongtitudeUITests.xctest */;
			productType = "com.apple.product-type.bundle.ui-testing";
		};
/* End PBXNativeTarget section */

/* Begin PBXProject section */
		1FE550A221838BBE002A10B7 /* Project object */ = {
			isa = PBXProject;
			attributes = {
				LastSwiftUpdateCheck = 1000;
				LastUpgradeCheck = 1000;
				ORGANIZATIONNAME = "Nick Slobodsky";
				TargetAttributes = {
					1FE550A921838BBE002A10B7 = {
						CreatedOnToolsVersion = 10.0;
					};
					1FE550C021838BC5002A10B7 = {
						CreatedOnToolsVersion = 10.0;
						TestTargetID = 1FE550A921838BBE002A10B7;
					};
					1FE550CB21838BC5002A10B7 = {
						CreatedOnToolsVersion = 10.0;
						TestTargetID = 1FE550A921838BBE002A10B7;
					};
				};
			};
			buildConfigurationList = 1FE550A521838BBE002A10B7 /* Build configuration list for PBXProject "AltitudeLongtitude" */;
			compatibilityVersion = "Xcode 9.3";
			developmentRegion = en;
			hasScannedForEncodings = 0;
			knownRegions = (
				en,
				Base,
			);
			mainGroup = 1FE550A121838BBE002A10B7;
			productRefGroup = 1FE550AB21838BBE002A10B7 /* Products */;
			projectDirPath = "";
			projectRoot = "";
			targets = (
				1FE550A921838BBE002A10B7 /* AltitudeLongtitude */,
				1FE550C021838BC5002A10B7 /* AltitudeLongtitudeTests */,
				1FE550CB21838BC5002A10B7 /* AltitudeLongtitudeUITests */,
			);
		};
/* End PBXProject section */

/* Begin PBXResourcesBuildPhase section */
		1FE550A821838BBE002A10B7 /* Resources */ = {
			isa = PBXResourcesBuildPhase;
			buildActionMask = 2147483647;
			files = (
				1FE550BB21838BC4002A10B7 /* LaunchScreen.storyboard in Resources */,
				1FE550E32183A839002A10B7 /* altitude-background.jpeg in Resources */,
				1FE550B821838BC4002A10B7 /* Assets.xcassets in Resources */,
				1FE550B321838BBE002A10B7 /* Main.storyboard in Resources */,
			);
			runOnlyForDeploymentPostprocessing = 0;
		};
		1FE550BF21838BC5002A10B7 /* Resources */ = {
			isa = PBXResourcesBuildPhase;
			buildActionMask = 2147483647;
			files = (
			);
			runOnlyForDeploymentPostprocessing = 0;
		};
		1FE550CA21838BC5002A10B7 /* Resources */ = {
			isa = PBXResourcesBuildPhase;
			buildActionMask = 2147483647;
			files = (
			);
			runOnlyForDeploymentPostprocessing = 0;
		};
/* End PBXResourcesBuildPhase section */

/* Begin PBXSourcesBuildPhase section */
		1FE550A621838BBE002A10B7 /* Sources */ = {
			isa = PBXSourcesBuildPhase;
			buildActionMask = 2147483647;
			files = (
				1FE550B621838BBE002A10B7 /* AltitudeLongtitude.xcdatamodeld in Sources */,
				1FE550B021838BBE002A10B7 /* ViewController.swift in Sources */,
				1FE550E1218392B6002A10B7 /* GradientView.swift in Sources */,
				1FE550DF218390B9002A10B7 /* Double.swift in Sources */,
				1FE550AE21838BBE002A10B7 /* AppDelegate.swift in Sources */,
			);
			runOnlyForDeploymentPostprocessing = 0;
		};
		1FE550BD21838BC5002A10B7 /* Sources */ = {
			isa = PBXSourcesBuildPhase;
			buildActionMask = 2147483647;
			files = (
				1FE550C621838BC5002A10B7 /* AltitudeLongtitudeTests.swift in Sources */,
			);
			runOnlyForDeploymentPostprocessing = 0;
		};
		1FE550C821838BC5002A10B7 /* Sources */ = {
			isa = PBXSourcesBuildPhase;
			buildActionMask = 2147483647;
			files = (
				1FE550D121838BC5002A10B7 /* AltitudeLongtitudeUITests.swift in Sources */,
			);
			runOnlyForDeploymentPostprocessing = 0;
		};
/* End PBXSourcesBuildPhase section */

/* Begin PBXTargetDependency section */
		1FE550C321838BC5002A10B7 /* PBXTargetDependency */ = {
			isa = PBXTargetDependency;
			target = 1FE550A921838BBE002A10B7 /* AltitudeLongtitude */;
			targetProxy = 1FE550C221838BC5002A10B7 /* PBXContainerItemProxy */;
		};
		1FE550CE21838BC5002A10B7 /* PBXTargetDependency */ = {
			isa = PBXTargetDependency;
			target = 1FE550A921838BBE002A10B7 /* AltitudeLongtitude */;
			targetProxy = 1FE550CD21838BC5002A10B7 /* PBXContainerItemProxy */;
		};
/* End PBXTargetDependency section */

/* Begin PBXVariantGroup section */
		1FE550B121838BBE002A10B7 /* Main.storyboard */ = {
			isa = PBXVariantGroup;
			children = (
				1FE550B221838BBE002A10B7 /* Base */,
			);
			name = Main.storyboard;
			sourceTree = "<group>";
		};
		1FE550B921838BC4002A10B7 /* LaunchScreen.storyboard */ = {
			isa = PBXVariantGroup;
			children = (
				1FE550BA21838BC4002A10B7 /* Base */,
			);
			name = LaunchScreen.storyboard;
			sourceTree = "<group>";
		};
/* End PBXVariantGroup section */

/* Begin XCBuildConfiguration section */
		1FE550D321838BC5002A10B7 /* Debug */ = {
			isa = XCBuildConfiguration;
			buildSettings = {
				ALWAYS_SEARCH_USER_PATHS = NO;
				CLANG_ANALYZER_NONNULL = YES;
				CLANG_ANALYZER_NUMBER_OBJECT_CONVERSION = YES_AGGRESSIVE;
				CLANG_CXX_LANGUAGE_STANDARD = "gnu++14";
				CLANG_CXX_LIBRARY = "libc++";
				CLANG_ENABLE_MODULES = YES;
				CLANG_ENABLE_OBJC_ARC = YES;
				CLANG_ENABLE_OBJC_WEAK = YES;
				CLANG_WARN_BLOCK_CAPTURE_AUTORELEASING = YES;
				CLANG_WARN_BOOL_CONVERSION = YES;
				CLANG_WARN_COMMA = YES;
				CLANG_WARN_CONSTANT_CONVERSION = YES;
				CLANG_WARN_DEPRECATED_OBJC_IMPLEMENTATIONS = YES;
				CLANG_WARN_DIRECT_OBJC_ISA_USAGE = YES_ERROR;
				CLANG_WARN_DOCUMENTATION_COMMENTS = YES;
				CLANG_WARN_EMPTY_BODY = YES;
				CLANG_WARN_ENUM_CONVERSION = YES;
				CLANG_WARN_INFINITE_RECURSION = YES;
				CLANG_WARN_INT_CONVERSION = YES;
				CLANG_WARN_NON_LITERAL_NULL_CONVERSION = YES;
				CLANG_WARN_OBJC_IMPLICIT_RETAIN_SELF = YES;
				CLANG_WARN_OBJC_LITERAL_CONVERSION = YES;
				CLANG_WARN_OBJC_ROOT_CLASS = YES_ERROR;
				CLANG_WARN_RANGE_LOOP_ANALYSIS = YES;
				CLANG_WARN_STRICT_PROTOTYPES = YES;
				CLANG_WARN_SUSPICIOUS_MOVE = YES;
				CLANG_WARN_UNGUARDED_AVAILABILITY = YES_AGGRESSIVE;
				CLANG_WARN_UNREACHABLE_CODE = YES;
				CLANG_WARN__DUPLICATE_METHOD_MATCH = YES;
				CODE_SIGN_IDENTITY = "iPhone Developer";
				COPY_PHASE_STRIP = NO;
				DEBUG_INFORMATION_FORMAT = dwarf;
				ENABLE_STRICT_OBJC_MSGSEND = YES;
				ENABLE_TESTABILITY = YES;
				GCC_C_LANGUAGE_STANDARD = gnu11;
				GCC_DYNAMIC_NO_PIC = NO;
				GCC_NO_COMMON_BLOCKS = YES;
				GCC_OPTIMIZATION_LEVEL = 0;
				GCC_PREPROCESSOR_DEFINITIONS = (
					"DEBUG=1",
					"$(inherited)",
				);
				GCC_WARN_64_TO_32_BIT_CONVERSION = YES;
				GCC_WARN_ABOUT_RETURN_TYPE = YES_ERROR;
				GCC_WARN_UNDECLARED_SELECTOR = YES;
				GCC_WARN_UNINITIALIZED_AUTOS = YES_AGGRESSIVE;
				GCC_WARN_UNUSED_FUNCTION = YES;
				GCC_WARN_UNUSED_VARIABLE = YES;
				IPHONEOS_DEPLOYMENT_TARGET = 12.0;
				MTL_ENABLE_DEBUG_INFO = INCLUDE_SOURCE;
				MTL_FAST_MATH = YES;
				ONLY_ACTIVE_ARCH = YES;
				SDKROOT = iphoneos;
				SWIFT_ACTIVE_COMPILATION_CONDITIONS = DEBUG;
				SWIFT_OPTIMIZATION_LEVEL = "-Onone";
			};
			name = Debug;
		};
		1FE550D421838BC5002A10B7 /* Release */ = {
			isa = XCBuildConfiguration;
			buildSettings = {
				ALWAYS_SEARCH_USER_PATHS = NO;
				CLANG_ANALYZER_NONNULL = YES;
				CLANG_ANALYZER_NUMBER_OBJECT_CONVERSION = YES_AGGRESSIVE;
				CLANG_CXX_LANGUAGE_STANDARD = "gnu++14";
				CLANG_CXX_LIBRARY = "libc++";
				CLANG_ENABLE_MODULES = YES;
				CLANG_ENABLE_OBJC_ARC = YES;
				CLANG_ENABLE_OBJC_WEAK = YES;
				CLANG_WARN_BLOCK_CAPTURE_AUTORELEASING = YES;
				CLANG_WARN_BOOL_CONVERSION = YES;
				CLANG_WARN_COMMA = YES;
				CLANG_WARN_CONSTANT_CONVERSION = YES;
				CLANG_WARN_DEPRECATED_OBJC_IMPLEMENTATIONS = YES;
				CLANG_WARN_DIRECT_OBJC_ISA_USAGE = YES_ERROR;
				CLANG_WARN_DOCUMENTATION_COMMENTS = YES;
				CLANG_WARN_EMPTY_BODY = YES;
				CLANG_WARN_ENUM_CONVERSION = YES;
				CLANG_WARN_INFINITE_RECURSION = YES;
				CLANG_WARN_INT_CONVERSION = YES;
				CLANG_WARN_NON_LITERAL_NULL_CONVERSION = YES;
				CLANG_WARN_OBJC_IMPLICIT_RETAIN_SELF = YES;
				CLANG_WARN_OBJC_LITERAL_CONVERSION = YES;
				CLANG_WARN_OBJC_ROOT_CLASS = YES_ERROR;
				CLANG_WARN_RANGE_LOOP_ANALYSIS = YES;
				CLANG_WARN_STRICT_PROTOTYPES = YES;
				CLANG_WARN_SUSPICIOUS_MOVE = YES;
				CLANG_WARN_UNGUARDED_AVAILABILITY = YES_AGGRESSIVE;
				CLANG_WARN_UNREACHABLE_CODE = YES;
				CLANG_WARN__DUPLICATE_METHOD_MATCH = YES;
				CODE_SIGN_IDENTITY = "iPhone Developer";
				COPY_PHASE_STRIP = NO;
				DEBUG_INFORMATION_FORMAT = "dwarf-with-dsym";
				ENABLE_NS_ASSERTIONS = NO;
				ENABLE_STRICT_OBJC_MSGSEND = YES;
				GCC_C_LANGUAGE_STANDARD = gnu11;
				GCC_NO_COMMON_BLOCKS = YES;
				GCC_WARN_64_TO_32_BIT_CONVERSION = YES;
				GCC_WARN_ABOUT_RETURN_TYPE = YES_ERROR;
				GCC_WARN_UNDECLARED_SELECTOR = YES;
				GCC_WARN_UNINITIALIZED_AUTOS = YES_AGGRESSIVE;
				GCC_WARN_UNUSED_FUNCTION = YES;
				GCC_WARN_UNUSED_VARIABLE = YES;
				IPHONEOS_DEPLOYMENT_TARGET = 12.0;
				MTL_ENABLE_DEBUG_INFO = NO;
				MTL_FAST_MATH = YES;
				SDKROOT = iphoneos;
				SWIFT_COMPILATION_MODE = wholemodule;
				SWIFT_OPTIMIZATION_LEVEL = "-O";
				VALIDATE_PRODUCT = YES;
			};
			name = Release;
		};
		1FE550D621838BC5002A10B7 /* Debug */ = {
			isa = XCBuildConfiguration;
			buildSettings = {
				ASSETCATALOG_COMPILER_APPICON_NAME = AppIcon;
				CODE_SIGN_STYLE = Automatic;
				DEVELOPMENT_TEAM = KJ37FF796R;
				INFOPLIST_FILE = AltitudeLongtitude/Info.plist;
				LD_RUNPATH_SEARCH_PATHS = (
					"$(inherited)",
					"@executable_path/Frameworks",
				);
				PRODUCT_BUNDLE_IDENTIFIER = nick.slobodsky.AltitudeLongtitude;
				PRODUCT_NAME = "$(TARGET_NAME)";
				SWIFT_VERSION = 4.2;
				TARGETED_DEVICE_FAMILY = "1,2";
			};
			name = Debug;
		};
		1FE550D721838BC5002A10B7 /* Release */ = {
			isa = XCBuildConfiguration;
			buildSettings = {
				ASSETCATALOG_COMPILER_APPICON_NAME = AppIcon;
				CODE_SIGN_STYLE = Automatic;
				DEVELOPMENT_TEAM = KJ37FF796R;
				INFOPLIST_FILE = AltitudeLongtitude/Info.plist;
				LD_RUNPATH_SEARCH_PATHS = (
					"$(inherited)",
					"@executable_path/Frameworks",
				);
				PRODUCT_BUNDLE_IDENTIFIER = nick.slobodsky.AltitudeLongtitude;
				PRODUCT_NAME = "$(TARGET_NAME)";
				SWIFT_VERSION = 4.2;
				TARGETED_DEVICE_FAMILY = "1,2";
			};
			name = Release;
		};
		1FE550D921838BC5002A10B7 /* Debug */ = {
			isa = XCBuildConfiguration;
			buildSettings = {
				ALWAYS_EMBED_SWIFT_STANDARD_LIBRARIES = YES;
				BUNDLE_LOADER = "$(TEST_HOST)";
				CODE_SIGN_STYLE = Automatic;
				DEVELOPMENT_TEAM = KJ37FF796R;
				INFOPLIST_FILE = AltitudeLongtitudeTests/Info.plist;
				LD_RUNPATH_SEARCH_PATHS = (
					"$(inherited)",
					"@executable_path/Frameworks",
					"@loader_path/Frameworks",
				);
				PRODUCT_BUNDLE_IDENTIFIER = nick.slobodsky.AltitudeLongtitudeTests;
				PRODUCT_NAME = "$(TARGET_NAME)";
				SWIFT_VERSION = 4.2;
				TARGETED_DEVICE_FAMILY = "1,2";
				TEST_HOST = "$(BUILT_PRODUCTS_DIR)/AltitudeLongtitude.app/AltitudeLongtitude";
			};
			name = Debug;
		};
		1FE550DA21838BC5002A10B7 /* Release */ = {
			isa = XCBuildConfiguration;
			buildSettings = {
				ALWAYS_EMBED_SWIFT_STANDARD_LIBRARIES = YES;
				BUNDLE_LOADER = "$(TEST_HOST)";
				CODE_SIGN_STYLE = Automatic;
				DEVELOPMENT_TEAM = KJ37FF796R;
				INFOPLIST_FILE = AltitudeLongtitudeTests/Info.plist;
				LD_RUNPATH_SEARCH_PATHS = (
					"$(inherited)",
					"@executable_path/Frameworks",
					"@loader_path/Frameworks",
				);
				PRODUCT_BUNDLE_IDENTIFIER = nick.slobodsky.AltitudeLongtitudeTests;
				PRODUCT_NAME = "$(TARGET_NAME)";
				SWIFT_VERSION = 4.2;
				TARGETED_DEVICE_FAMILY = "1,2";
				TEST_HOST = "$(BUILT_PRODUCTS_DIR)/AltitudeLongtitude.app/AltitudeLongtitude";
			};
			name = Release;
		};
		1FE550DC21838BC5002A10B7 /* Debug */ = {
			isa = XCBuildConfiguration;
			buildSettings = {
				ALWAYS_EMBED_SWIFT_STANDARD_LIBRARIES = YES;
				CODE_SIGN_STYLE = Automatic;
				DEVELOPMENT_TEAM = KJ37FF796R;
				INFOPLIST_FILE = AltitudeLongtitudeUITests/Info.plist;
				LD_RUNPATH_SEARCH_PATHS = (
					"$(inherited)",
					"@executable_path/Frameworks",
					"@loader_path/Frameworks",
				);
				PRODUCT_BUNDLE_IDENTIFIER = nick.slobodsky.AltitudeLongtitudeUITests;
				PRODUCT_NAME = "$(TARGET_NAME)";
				SWIFT_VERSION = 4.2;
				TARGETED_DEVICE_FAMILY = "1,2";
				TEST_TARGET_NAME = AltitudeLongtitude;
			};
			name = Debug;
		};
		1FE550DD21838BC5002A10B7 /* Release */ = {
			isa = XCBuildConfiguration;
			buildSettings = {
				ALWAYS_EMBED_SWIFT_STANDARD_LIBRARIES = YES;
				CODE_SIGN_STYLE = Automatic;
				DEVELOPMENT_TEAM = KJ37FF796R;
				INFOPLIST_FILE = AltitudeLongtitudeUITests/Info.plist;
				LD_RUNPATH_SEARCH_PATHS = (
					"$(inherited)",
					"@executable_path/Frameworks",
					"@loader_path/Frameworks",
				);
				PRODUCT_BUNDLE_IDENTIFIER = nick.slobodsky.AltitudeLongtitudeUITests;
				PRODUCT_NAME = "$(TARGET_NAME)";
				SWIFT_VERSION = 4.2;
				TARGETED_DEVICE_FAMILY = "1,2";
				TEST_TARGET_NAME = AltitudeLongtitude;
			};
			name = Release;
		};
/* End XCBuildConfiguration section */

/* Begin XCConfigurationList section */
		1FE550A521838BBE002A10B7 /* Build configuration list for PBXProject "AltitudeLongtitude" */ = {
			isa = XCConfigurationList;
			buildConfigurations = (
				1FE550D321838BC5002A10B7 /* Debug */,
				1FE550D421838BC5002A10B7 /* Release */,
			);
			defaultConfigurationIsVisible = 0;
			defaultConfigurationName = Release;
		};
		1FE550D521838BC5002A10B7 /* Build configuration list for PBXNativeTarget "AltitudeLongtitude" */ = {
			isa = XCConfigurationList;
			buildConfigurations = (
				1FE550D621838BC5002A10B7 /* Debug */,
				1FE550D721838BC5002A10B7 /* Release */,
			);
			defaultConfigurationIsVisible = 0;
			defaultConfigurationName = Release;
		};
		1FE550D821838BC5002A10B7 /* Build configuration list for PBXNativeTarget "AltitudeLongtitudeTests" */ = {
			isa = XCConfigurationList;
			buildConfigurations = (
				1FE550D921838BC5002A10B7 /* Debug */,
				1FE550DA21838BC5002A10B7 /* Release */,
			);
			defaultConfigurationIsVisible = 0;
			defaultConfigurationName = Release;
		};
		1FE550DB21838BC5002A10B7 /* Build configuration list for PBXNativeTarget "AltitudeLongtitudeUITests" */ = {
			isa = XCConfigurationList;
			buildConfigurations = (
				1FE550DC21838BC5002A10B7 /* Debug */,
				1FE550DD21838BC5002A10B7 /* Release */,
			);
			defaultConfigurationIsVisible = 0;
			defaultConfigurationName = Release;
		};
/* End XCConfigurationList section */

/* Begin XCVersionGroup section */
		1FE550B421838BBE002A10B7 /* AltitudeLongtitude.xcdatamodeld */ = {
			isa = XCVersionGroup;
			children = (
				1FE550B521838BBE002A10B7 /* AltitudeLongtitude.xcdatamodel */,
			);
			currentVersion = 1FE550B521838BBE002A10B7 /* AltitudeLongtitude.xcdatamodel */;
			path = AltitudeLongtitude.xcdatamodeld;
			sourceTree = "<group>";
			versionGroupType = wrapper.xcdatamodel;
		};
/* End XCVersionGroup section */
	};
	rootObject = 1FE550A221838BBE002A10B7 /* Project object */;
}
